
Microsoft Visual Studio Solution File, Format Version 12.00
# Visual Studio Version 17
VisualStudioVersion = 17.4.33213.308
MinimumVisualStudioVersion = 10.0.40219.1
Project("{FAE04EC0-301F-11D3-BF4B-00C04F79EFBC}") = "Loxifi.TypeFactory", "Loxifi.TypeFactory.csproj", "{99906D67-B2DC-4AC2-8181-D8A529370318}"
EndProject
Global
	GlobalSection(SolutionConfigurationPlatforms) = preSolution
		Debug|Any CPU = Debug|Any CPU
		Release|Any CPU = Release|Any CPU
	EndGlobalSection
	GlobalSection(ProjectConfigurationPlatforms) = postSolution
		{99906D67-B2DC-4AC2-8181-D8A529370318}.Debug|Any CPU.ActiveCfg = Debug|Any CPU
		{99906D67-B2DC-4AC2-8181-D8A529370318}.Debug|Any CPU.Build.0 = Debug|Any CPU
		{99906D67-B2DC-4AC2-8181-D8A529370318}.Release|Any CPU.ActiveCfg = Release|Any CPU
		{99906D67-B2DC-4AC2-8181-D8A529370318}.Release|Any CPU.Build.0 = Release|Any CPU
	EndGlobalSection
	GlobalSection(SolutionProperties) = preSolution
		HideSolutionNode = FALSE
	EndGlobalSection
	GlobalSection(ExtensibilityGlobals) = postSolution
		SolutionGuid = {C08079EA-2FBE-4762-BF2C-050CD74E23F7}
	EndGlobalSection
EndGlobal
